{
  "name": "current-version",
  "version": "1.0.0",
  "lockfileVersion": 1,
  "requires": true,
  "dependencies": {
    "workbox-runtime-caching": {
      "version": "1.1.0",
      "resolved": "https://registry.npmjs.org/workbox-runtime-caching/-/workbox-runtime-caching-1.1.0.tgz",
      "integrity": "sha512-fzEQHz/ZJ4FzCTeP8G5UZ3hha/qOyn9jzSlNTWKxAVnolrrtk5KFITEIKqLo0Ac2LKLPoBJ/OpLtEmIRjcJgLw=="
    }
  }
}
